github.com/stebennett/notes v0.0.0-20241010153818-caa9932c349f h1:z80kf5NGz5yQVsNYneA5FScveFK/peqP/F5HKa5wXXA=
github.com/stebennett/notes v0.0.0-20241010153818-caa9932c349f/go.mod h1:Mmh+bHm+kR9znNqqK6q/T4FS0X0qn87YxhS5aiha9p4=
github.com/stebennett/stevebennett-theme v1.0.1 h1:LcPdf/swZ+boIaILX5azJGq7zMVRMQsEzgROCmJ4FQo=
github.com/stebennett/stevebennett-theme v1.0.1/go.mod h1:bSFR+gr6WgtsZS7ThOEUU4hFPCMV5RXiRQ6NxigSVbQ=
