github.com/stebennett/notes v0.0.0-20241010164705-58c790c30bb6 h1:VqxriR2yASyd8sUJ1uU43nKmq4k+44dd9Zg1KsNTY3I=
github.com/stebennett/notes v0.0.0-20241010164705-58c790c30bb6/go.mod h1:Mmh+bHm+kR9znNqqK6q/T4FS0X0qn87YxhS5aiha9p4=
github.com/stebennett/stevebennett-theme v1.1.0 h1:vq4PSTvFOJUmjPEF7ZshpvttJog3sUHlhR+pILZ1i5w=
github.com/stebennett/stevebennett-theme v1.1.0/go.mod h1:bSFR+gr6WgtsZS7ThOEUU4hFPCMV5RXiRQ6NxigSVbQ=
